<?xml version="1.0" encoding="utf-8"?>
<Project ToolsVersion="4.0" xmlns="http://schemas.microsoft.com/developer/msbuild/2003">
  <ItemGroup>
    <Filter Include="ImGui">
      <UniqueIdentifier>{491b205c-2dcb-4333-ab7c-73e76a5206f1}</UniqueIdentifier>
    </Filter>
    <Filter Include="main">
      <UniqueIdentifier>{4FC737F1-C7A5-4376-A066-2A32D752A2FF}</UniqueIdentifier>
      <Extensions>cpp;c;cc;cxx;c++;cppm;ixx;def;odl;idl;hpj;bat;asm;asmx</Extensions>
    </Filter>
    <Filter Include="main\cheat">
      <UniqueIdentifier>{47c3bb2b-65c9-4558-82c6-d7ef802c732c}</UniqueIdentifier>
    </Filter>
    <Filter Include="main\cheat\driver">
      <UniqueIdentifier>{3df14a60-5b09-41a0-8301-ee6d1055074b}</UniqueIdentifier>
    </Filter>
    <Filter Include="main\cheat\extra">
      <UniqueIdentifier>{76f74bcb-979f-4741-a524-a5f028fb2ffc}</UniqueIdentifier>
    </Filter>
  </ItemGroup>
  <ItemGroup>
    <ClCompile Include="Source.cpp">
      <Filter>main</Filter>
    </ClCompile>
    <ClCompile Include="ImGui\imgui.cpp">
      <Filter>ImGui</Filter>
    </ClCompile>
    <ClCompile Include="ImGui\imgui_demo.cpp">
      <Filter>ImGui</Filter>
    </ClCompile>
    <ClCompile Include="ImGui\imgui_draw.cpp">
      <Filter>ImGui</Filter>
    </ClCompile>
    <ClCompile Include="ImGui\imgui_impl_dx9.cpp">
      <Filter>ImGui</Filter>
    </ClCompile>
    <ClCompile Include="ImGui\imgui_impl_win32.cpp">
      <Filter>ImGui</Filter>
    </ClCompile>
    <ClCompile Include="ImGui\imgui_tables.cpp">
      <Filter>ImGui</Filter>
    </ClCompile>
    <ClCompile Include="ImGui\imgui_widgets.cpp">
      <Filter>ImGui</Filter>
    </ClCompile>
    <ClCompile Include="glow.cpp">
      <Filter>main\cheat\extra</Filter>
    </ClCompile>
  </ItemGroup>
  <ItemGroup>
    <ClInclude Include="ImGui\imconfig.h">
      <Filter>ImGui</Filter>
    </ClInclude>
    <ClInclude Include="ImGui\imgui.h">
      <Filter>ImGui</Filter>
    </ClInclude>
    <ClInclude Include="ImGui\imgui_impl_dx9.h">
      <Filter>ImGui</Filter>
    </ClInclude>
    <ClInclude Include="ImGui\imgui_impl_win32.h">
      <Filter>ImGui</Filter>
    </ClInclude>
    <ClInclude Include="ImGui\imgui_internal.h">
      <Filter>ImGui</Filter>
    </ClInclude>
    <ClInclude Include="ImGui\imstb_rectpack.h">
      <Filter>ImGui</Filter>
    </ClInclude>
    <ClInclude Include="ImGui\imstb_textedit.h">
      <Filter>ImGui</Filter>
    </ClInclude>
    <ClInclude Include="ImGui\imstb_truetype.h">
      <Filter>ImGui</Filter>
    </ClInclude>
    <ClInclude Include="driver.hpp">
      <Filter>main\cheat\driver</Filter>
    </ClInclude>
    <ClInclude Include="imports.hpp">
      <Filter>main\cheat\driver</Filter>
    </ClInclude>
    <ClInclude Include="math.hpp">
      <Filter>main\cheat\extra</Filter>
    </ClInclude>
    <ClInclude Include="memory.hpp">
      <Filter>main\cheat\extra</Filter>
    </ClInclude>
    <ClInclude Include="glow.hpp">
      <Filter>main\cheat\extra</Filter>
    </ClInclude>
  </ItemGroup>
  <ItemGroup>
    <None Include="offsets.hpp">
      <Filter>main\cheat\extra</Filter>
    </None>
  </ItemGroup>
</Project>